
Microsoft Visual Studio Solution File, Format Version 12.00
# Visual Studio Version 16
VisualStudioVersion = 16.0.30621.155
MinimumVisualStudioVersion = 10.0.40219.1
Project("{2150E333-8FDC-42A3-9474-1A3956D46DE8}") = "src", "src", "{7C1FE167-8573-4BB4-9524-604C03723075}"
EndProject
Project("{2150E333-8FDC-42A3-9474-1A3956D46DE8}") = "tests", "tests", "{624853C6-9DD9-4349-A51F-EBC408DD342B}"
EndProject
Project("{FAE04EC0-301F-11D3-BF4B-00C04F79EFBC}") = "SE214L22", "src\SE214L22\SE214L22.csproj", "{C734C1F1-CFB7-4DD8-AA11-50A9F0F9E3FF}"
EndProject
Project("{FAE04EC0-301F-11D3-BF4B-00C04F79EFBC}") = "SE214L22.Contract", "src\SE214L22.Contract\SE214L22.Contract.csproj", "{547A349E-0498-4328-AC49-C62CF9E4AD70}"
EndProject
Project("{FAE04EC0-301F-11D3-BF4B-00C04F79EFBC}") = "SE214L22.Core", "src\SE214L22.Core\SE214L22.Core.csproj", "{202F787A-00A2-4A57-A463-13146F267AFE}"
EndProject
Project("{FAE04EC0-301F-11D3-BF4B-00C04F79EFBC}") = "SE214L22.Data", "src\SE214L22.Data\SE214L22.Data.csproj", "{48A0B0D5-D932-4884-A12A-A3DEF56D0D90}"
EndProject
Project("{FAE04EC0-301F-11D3-BF4B-00C04F79EFBC}") = "SE214L22.DI", "src\SE214L22.DI\SE214L22.DI.csproj", "{C8B28027-2E0E-4F37-B30D-AD3353E61EB1}"
EndProject
Project("{FAE04EC0-301F-11D3-BF4B-00C04F79EFBC}") = "SE214L22.Shared", "src\SE214L22.Shared\SE214L22.Shared.csproj", "{A8DF545F-CB3F-4692-85E7-F756DBDE83F4}"
EndProject
Project("{FAE04EC0-301F-11D3-BF4B-00C04F79EFBC}") = "SE214L22.DataTests", "tests\SE214L22.DataTests\SE214L22.DataTests.csproj", "{CC6FF1C7-71FF-48F9-83AB-B19639D2FEDC}"
EndProject
Project("{FAE04EC0-301F-11D3-BF4B-00C04F79EFBC}") = "SE214L22.CoreTests", "tests\SE214L22.CoreTests\SE214L22.CoreTests.csproj", "{574782FC-7471-4919-9AEF-66DC136A7BFC}"
EndProject
Global
	GlobalSection(SolutionConfigurationPlatforms) = preSolution
		Debug|Any CPU = Debug|Any CPU
		Release|Any CPU = Release|Any CPU
	EndGlobalSection
	GlobalSection(ProjectConfigurationPlatforms) = postSolution
		{C734C1F1-CFB7-4DD8-AA11-50A9F0F9E3FF}.Debug|Any CPU.ActiveCfg = Debug|Any CPU
		{C734C1F1-CFB7-4DD8-AA11-50A9F0F9E3FF}.Debug|Any CPU.Build.0 = Debug|Any CPU
		{C734C1F1-CFB7-4DD8-AA11-50A9F0F9E3FF}.Release|Any CPU.ActiveCfg = Release|Any CPU
		{C734C1F1-CFB7-4DD8-AA11-50A9F0F9E3FF}.Release|Any CPU.Build.0 = Release|Any CPU
		{547A349E-0498-4328-AC49-C62CF9E4AD70}.Debug|Any CPU.ActiveCfg = Debug|Any CPU
		{547A349E-0498-4328-AC49-C62CF9E4AD70}.Debug|Any CPU.Build.0 = Debug|Any CPU
		{547A349E-0498-4328-AC49-C62CF9E4AD70}.Release|Any CPU.ActiveCfg = Release|Any CPU
		{547A349E-0498-4328-AC49-C62CF9E4AD70}.Release|Any CPU.Build.0 = Release|Any CPU
		{202F787A-00A2-4A57-A463-13146F267AFE}.Debug|Any CPU.ActiveCfg = Debug|Any CPU
		{202F787A-00A2-4A57-A463-13146F267AFE}.Debug|Any CPU.Build.0 = Debug|Any CPU
		{202F787A-00A2-4A57-A463-13146F267AFE}.Release|Any CPU.ActiveCfg = Release|Any CPU
		{202F787A-00A2-4A57-A463-13146F267AFE}.Release|Any CPU.Build.0 = Release|Any CPU
		{48A0B0D5-D932-4884-A12A-A3DEF56D0D90}.Debug|Any CPU.ActiveCfg = Debug|Any CPU
		{48A0B0D5-D932-4884-A12A-A3DEF56D0D90}.Debug|Any CPU.Build.0 = Debug|Any CPU
		{48A0B0D5-D932-4884-A12A-A3DEF56D0D90}.Release|Any CPU.ActiveCfg = Release|Any CPU
		{48A0B0D5-D932-4884-A12A-A3DEF56D0D90}.Release|Any CPU.Build.0 = Release|Any CPU
		{C8B28027-2E0E-4F37-B30D-AD3353E61EB1}.Debug|Any CPU.ActiveCfg = Debug|Any CPU
		{C8B28027-2E0E-4F37-B30D-AD3353E61EB1}.Debug|Any CPU.Build.0 = Debug|Any CPU
		{C8B28027-2E0E-4F37-B30D-AD3353E61EB1}.Release|Any CPU.ActiveCfg = Release|Any CPU
		{C8B28027-2E0E-4F37-B30D-AD3353E61EB1}.Release|Any CPU.Build.0 = Release|Any CPU
		{A8DF545F-CB3F-4692-85E7-F756DBDE83F4}.Debug|Any CPU.ActiveCfg = Debug|Any CPU
		{A8DF545F-CB3F-4692-85E7-F756DBDE83F4}.Debug|Any CPU.Build.0 = Debug|Any CPU
		{A8DF545F-CB3F-4692-85E7-F756DBDE83F4}.Release|Any CPU.ActiveCfg = Release|Any CPU
		{A8DF545F-CB3F-4692-85E7-F756DBDE83F4}.Release|Any CPU.Build.0 = Release|Any CPU
		{CC6FF1C7-71FF-48F9-83AB-B19639D2FEDC}.Debug|Any CPU.ActiveCfg = Debug|Any CPU
		{CC6FF1C7-71FF-48F9-83AB-B19639D2FEDC}.Debug|Any CPU.Build.0 = Debug|Any CPU
		{CC6FF1C7-71FF-48F9-83AB-B19639D2FEDC}.Release|Any CPU.ActiveCfg = Release|Any CPU
		{CC6FF1C7-71FF-48F9-83AB-B19639D2FEDC}.Release|Any CPU.Build.0 = Release|Any CPU
		{574782FC-7471-4919-9AEF-66DC136A7BFC}.Debug|Any CPU.ActiveCfg = Debug|Any CPU
		{574782FC-7471-4919-9AEF-66DC136A7BFC}.Debug|Any CPU.Build.0 = Debug|Any CPU
		{574782FC-7471-4919-9AEF-66DC136A7BFC}.Release|Any CPU.ActiveCfg = Release|Any CPU
		{574782FC-7471-4919-9AEF-66DC136A7BFC}.Release|Any CPU.Build.0 = Release|Any CPU
	EndGlobalSection
	GlobalSection(SolutionProperties) = preSolution
		HideSolutionNode = FALSE
	EndGlobalSection
	GlobalSection(NestedProjects) = preSolution
		{C734C1F1-CFB7-4DD8-AA11-50A9F0F9E3FF} = {7C1FE167-8573-4BB4-9524-604C03723075}
		{547A349E-0498-4328-AC49-C62CF9E4AD70} = {7C1FE167-8573-4BB4-9524-604C03723075}
		{202F787A-00A2-4A57-A463-13146F267AFE} = {7C1FE167-8573-4BB4-9524-604C03723075}
		{48A0B0D5-D932-4884-A12A-A3DEF56D0D90} = {7C1FE167-8573-4BB4-9524-604C03723075}
		{C8B28027-2E0E-4F37-B30D-AD3353E61EB1} = {7C1FE167-8573-4BB4-9524-604C03723075}
		{A8DF545F-CB3F-4692-85E7-F756DBDE83F4} = {7C1FE167-8573-4BB4-9524-604C03723075}
		{CC6FF1C7-71FF-48F9-83AB-B19639D2FEDC} = {624853C6-9DD9-4349-A51F-EBC408DD342B}
		{574782FC-7471-4919-9AEF-66DC136A7BFC} = {624853C6-9DD9-4349-A51F-EBC408DD342B}
	EndGlobalSection
	GlobalSection(ExtensibilityGlobals) = postSolution
		SolutionGuid = {4EC15A5D-D7FB-4124-B7A3-A0E384C3E537}
	EndGlobalSection
EndGlobal
